
Microsoft Visual Studio Solution File, Format Version 12.00
# Visual Studio 2015
Project("{FAE04EC0-301F-11D3-BF4B-00C04F79EFBC}") = "ice_Hockey", "ice_Hockey.csproj", "{06F87ED6-DD48-9CB7-6E16-735A3D7E77D9}"
EndProject
Global
	GlobalSection(SolutionConfigurationPlatforms) = preSolution
		Debug|Any CPU = Debug|Any CPU
		Release|Any CPU = Release|Any CPU
	EndGlobalSection
	GlobalSection(ProjectConfigurationPlatforms) = postSolution
		{06F87ED6-DD48-9CB7-6E16-735A3D7E77D9}.Debug|Any CPU.ActiveCfg = Debug|Any CPU
		{06F87ED6-DD48-9CB7-6E16-735A3D7E77D9}.Debug|Any CPU.Build.0 = Debug|Any CPU
		{06F87ED6-DD48-9CB7-6E16-735A3D7E77D9}.Release|Any CPU.ActiveCfg = Release|Any CPU
		{06F87ED6-DD48-9CB7-6E16-735A3D7E77D9}.Release|Any CPU.Build.0 = Release|Any CPU
	EndGlobalSection
	GlobalSection(SolutionProperties) = preSolution
		HideSolutionNode = FALSE
	EndGlobalSection
EndGlobal
